{
  "name": "ai-resume-builder",
  "version": "0.0.0",
  "lockfileVersion": 3,
  "requires": true,
  "packages": {
    "": {
      "name": "ai-resume-builder",
      "version": "0.0.0",
      "private": true,
      "dependencies": {
        "@google/genai": "^1.24.0",
        "file-saver": "^2.0.5",
        "html2canvas": "^1.4.1",
        "jspdf": "^2.5.1",
        "react": "^19.2.0",
        "react-dom": "^19.2.0"
      },
      "devDependencies": {
        "@types/file-saver": "^2.0.7",
        "@types/react": "^18.2.0",
        "@types/react-dom": "^18.2.0",
        "@vitejs/plugin-react": "^4.2.1",
        "typescript": "^5.2.2",
        "vite": "^5.2.0"
      }
    },
    "node_modules/@babel/parser": {
      "version": "7.24.7",
      "resolved": "https://registry.npmjs.org/@babel/parser/-/parser-7.24.7.tgz",
      "integrity": "sha512-Iu5t9rSny1n3E9TE5f2njrV2cT5hh+evn8E21prg2r22IX0BTqGO6q2Na2/3+NE4Tz2d49czh2+2a4AP1wJGOA==",
      "dev": true,
      "license": "MIT",
      "engines": {
        "node": ">=6.0.0"
      }
    },
    "node_modules/@google/genai": {
      "version": "1.24.0",
      "resolved": "https://registry.npmjs.org/@google/genai/-/genai-1.24.0.tgz",
      "integrity": "sha512-Y13d2qR5Kz4P9qLp+t4LzCgX2mE0X6tTq3x5D84sKzT7T80h43xYvEVH/w6QyDq2vS504aR351uJvA==",
      "license": "Apache-2.0",
      "engines": {
        "node": ">=18.0.0"
      }
    },
    "node_modules/@types/node": {
      "version": "20.14.2",
      "resolved": "https://registry.npmjs.org/@types/node/-/node-20.14.2.tgz",
      "integrity": "sha512-xyu6sSRprrSAf3wsC2p0f/52N31nSG2r6z1QeBv+ca2nNo0PZETSoo3ceNv2T2Sg+0F3Kj417D/a1K8m1L+s5A==",
      "dev": true,
      "license": "MIT",
      "dependencies": {
        "undici-types": "~5.26.4"
      }
    },
    "node_modules/@types/prop-types": {
      "version": "15.7.12",
      "resolved": "https://registry.npmjs.org/@types/prop-types/-/prop-types-15.7.12.tgz",
      "integrity": "sha512-5zvhXYS3icfNlvmqgTzwcr3TneOqz2RI8DRmyJmCrRWwJpxiA9eXKl6t2lVJAUvY/gB1C0B1ftqO53rYlI33oA==",
      "dev": true,
      "license": "MIT"
    },
    "node_modules/@types/react": {
      "version": "18.3.3",
      "resolved": "https://registry.npmjs.org/@types/react/-/react-18.3.3.tgz",
      "integrity": "sha512-hti/R0pS0q1/xx+TsI73AbQRVoe/bbI0IEVw03PPXpFb8e1G+vrI4t3gIB25/fHDl5emwA2+o2yIe+gD69sVvA==",
      "dev": true,
      "license": "MIT",
      "dependencies": {
        "@types/prop-types": "*",
        "csstype": "^3.0.2"
      }
    },
    "node_modules/@types/react-dom": {
      "version": "18.3.0",
      "resolved": "https://registry.npmjs.org/@types/react-dom/-/react-dom-18.3.0.tgz",
      "integrity": "sha512-dGwtgyDFToOEwzS3TFPDE10pAUb5GMG2cpP8L2b+kQ5Y4n42KNfTflH/WOUKDB2p82aIL2sTrf3Jsj8V/f1/4w==",
      "dev": true,
      "license": "MIT",
      "dependencies": {
        "@types/react": "*"
      }
    },
    "node_modules/@vitejs/plugin-react": {
      "version": "4.3.1",
      "resolved": "https://registry.npmjs.org/@vitejs/plugin-react/-/plugin-react-4.3.1.tgz",
      "integrity": "sha512-KDJpT4L5wB3y2scd1/Z3SCJ8N/5mQj4a72d5b6OF2bZEcHvA3o12o+kI/2+xWfJvI6H/l2pMv5UjYp4bYyO3WA==",
      "dev": true,
      "license": "MIT",
      "dependencies": {
        "@babel/parser": "^7.23.0",
        "magic-string": "^0.30.5"
      },
      "engines": {
        "node": "^18.0.0 || >=20.0.0"
      },
      "peerDependencies": {
        "react": "^18.2.0",
        "vite": "^4.2.0 || ^5.0.0"
      }
    },
    "node_modules/csstype": {
      "version": "3.1.3",
      "resolved": "https://registry.npmjs.org/csstype/-/csstype-3.1.3.tgz",
      "integrity": "sha512-M1uQkMl8rQK/szD0LNhtqxIPLzpkHMywR2in+gV2daMnVuyP5wFodFRRSbClBCm/2QDXpwwcmVRSEIS+p6g+wA==",
      "dev": true,
      "license": "MIT"
    },
    "node_modules/esbuild": {
      "version": "0.21.4",
      "resolved": "https://registry.npmjs.org/esbuild/-/esbuild-0.21.4.tgz",
      "integrity": "sha512-e5OqWHDY28m2t4p2gsx404I3DkFPu4x2v4T5exC10Vd9nUvQf6wnU0cGrq4TUMy12M3l6g1TQB+B7UaTGo7Tww==",
      "dev": true,
      "license": "MIT",
      "hasInstallScript": true,
      "optionalDependencies": {
        "@esbuild/android-arm": "0.21.4",
        "@esbuild/android-arm64": "0.21.4",
        "@esbuild/android-x64": "0.21.4",
        "@esbuild/darwin-arm64": "0.21.4",
        "@esbuild/darwin-x64": "0.21.4",
        "@esbuild/freebsd-arm64": "0.21.4",
        "@esbuild/freebsd-x64": "0.21.4",
        "@esbuild/linux-arm": "0.21.4",
        "@esbuild/linux-arm64": "0.21.4",
        "@esbuild/linux-ia32": "0.21.4",
        "@esbuild/linux-loong64": "0.21.4",
        "@esbuild/linux-mips64el": "0.21.4",
        "@esbuild/linux-ppc64": "0.21.4",
        "@esbuild/linux-riscv64": "0.21.4",
        "@esbuild/linux-s390x": "0.21.4",
        "@esbuild/linux-x64": "0.21.4",
        "@esbuild/netbsd-x64": "0.21.4",
        "@esbuild/openbsd-x64": "0.21.4",
        "@esbuild/sunos-x64": "0.21.4",
        "@esbuild/win32-arm64": "0.21.4",
        "@esbuild/win32-ia32": "0.21.4",
        "@esbuild/win32-x64": "0.21.4"
      }
    },
    "node_modules/file-saver": {
      "version": "2.0.5",
      "resolved": "https://registry.npmjs.org/file-saver/-/file-saver-2.0.5.tgz",
      "integrity": "sha512-P9bmyZ3h/PRG+a1Bsx1ACb9pbc6LhI3iNTt5OaGIMLy7ltucIzuo2a/G3gLwEDD3Q/SAJ3bIzs/pGf2k4JtAlQ==",
      "license": "MIT"
    },
    "node_modules/html2canvas": {
      "version": "1.4.1",
      "resolved": "https://registry.npmjs.org/html2canvas/-/html2canvas-1.4.1.tgz",
      "integrity": "sha512-FFd4/11xhP/4iBHrc72vB5dC+922e3T2y/A/fM5dJ6muAbQ9wX22vRrtGrsn0lA0IUP2h3fTNLvj6/wVoqDohQ==",
      "license": "MIT",
      "dependencies": {
        "css-line-break": "^3.1.0"
      },
      "engines": {
        "node": ">=12.22.8"
      }
    },
    "node_modules/jspdf": {
      "version": "2.5.1",
      "resolved": "https://registry.npmjs.org/jspdf/-/jspdf-2.5.1.tgz",
      "integrity": "sha512-qnuL/pCVv2V152x4h43bWn/Gg8pYcLM/BRAOaYIl+tVQTRgqg0pGkEk2sZlIKnMet4dpQeFvxTVE5vEngvExgA==",
      "license": "MIT",
      "dependencies": {
        "file-saver": "^2.0.5"
      },
      "engines": {
        "node": ">=12"
      }
    },
    "node_modules/loose-envify": {
      "version": "1.4.0",
      "resolved": "https://registry.npmjs.org/loose-envify/-/loose-envify-1.4.0.tgz",
      "integrity": "sha512-lyuxPGr/Wfhrlem2CL/UcnUc1zcqKA3S4yHYbeCiWN5HrUrG9bXacZuWE7VYOjYhKbHioeXxxotY60tygX/StrA==",
      "license": "MIT",
      "dependencies": {
        "js-tokens": "^3.0.0 || ^4.0.0"
      },
      "bin": {
        "loose-envify": "cli.js"
      }
    },
    "node_modules/magic-string": {
      "version": "0.30.10",
      "resolved": "https://registry.npmjs.org/magic-string/-/magic-string-0.30.10.tgz",
      "integrity": "sha512-Y12L+Gg8zk1oQ6x28o+3Y22TjTbt2Pj72LVa9VnQnKq5c3mQY/2BsDF4m3Z2oTnwzr3Lq2oAdY2rLNCi/zFDbQ==",
      "dev": true,
      "license": "MIT",
      "dependencies": {
        "sourcemap-codec": "^1.4.8"
      },
      "engines": {
        "node": ">=16.0"
      }
    },
    "node_modules/nanoid": {
      "version": "3.3.7",
      "resolved": "https://registry.npmjs.org/nanoid/-/nanoid-3.3.7.tgz",
      "integrity": "sha512-eSRppjcPIat8EXwGEJRYXBCDSSNTsT5UjD2XmhQp2zV20vP24OKN3nVY5XcdYl3y53pmLLLw22kVz3I2zaLSsA==",
      "dev": true,
      "funding": [
        {
          "type": "github",
          "url": "https://github.com/sponsors/ai"
        }
      ],
      "license": "MIT",
      "bin": {
        "nanoid": "bin/nanoid.js"
      },
      "engines": {
        "node": "^10 || ^12 || ^13.7 || ^14 || >=15.0.1"
      }
    },
    "node_modules/picocolors": {
      "version": "1.0.1",
      "resolved": "https://registry.npmjs.org/picocolors/-/picocolors-1.0.1.tgz",
      "integrity": "sha512-anP1Z7NFg8Jte+IeQW1d76TthAm6hXHf+0y5piRiOa3DJRmMd6tQj3tl24GMybFnAQD/i3uV32sS2SgEuI1oig==",
      "dev": true,
      "license": "ISC"
    },
    "node_modules/postcss": {
      "version": "8.4.38",
      "resolved": "https://registry.npmjs.org/postcss/-/postcss-8.4.38.tgz",
      "integrity": "sha512-W+mI2A66Waad3zGcj9TCyM8aNYkL44k52Kk4a1P8smmjueXa31eQ4nVTt2/2Q+nZplbW9pPX4iIa2pTQbThT6A==",
      "dev": true,
      "funding": [
        {
          "type": "opencollective",
          "url": "https://opencollective.com/postcss/"
        },
        {
          "type": "tidelift",
          "url": "https://tidelift.com/funding/github/npm/postcss"
        },
        {
          "type": "github",
          "url": "https://github.com/sponsors/ai"
        }
      ],
      "license": "MIT",
      "dependencies": {
        "nanoid": "^3.3.7",
        "picocolors": "^1.0.0",
        "source-map-js": "^1.2.0"
      },
      "engines": {
        "node": "^12.0 || ^14.0 || >=16.0"
      }
    },
    "node_modules/react": {
      "version": "19.0.0-rc-f994737d14-20240522",
      "resolved": "https://registry.npmjs.org/react/-/react-19.0.0-rc-f994737d14-20240522.tgz",
      "integrity": "sha512-oC4Su9b2h7C3/zNEafqr7P4P4BD2h8/YG31k1T0oOf2Xbpr4+8A0E2l/ETzY5xtZGiq+U+S59z2W4sW24Cl/sA==",
      "license": "MIT",
      "dependencies": {
        "loose-envify": "^1.1.0"
      },
      "engines": {
        "node": ">=18"
      }
    },
    "node_modules/react-dom": {
      "version": "19.0.0-rc-f994737d14-20240522",
      "resolved": "https://registry.npmjs.org/react-dom/-/react-dom-19.0.0-rc-f994737d14-20240522.tgz",
      "integrity": "sha512-bC+k1M+Gg3yLscPtd3qKT2XYL1HstGcrgww1fO0Tq2PEx4gY9TQyL0QvIOsB5PjKbq8l0i02uLq5d/3909pKPQ==",
      "license": "MIT",
      "dependencies": {
        "loose-envify": "^1.1.0"
      },
      "peerDependencies": {
        "react": "19.0.0-rc-f994737d14-20240522"
      }
    },
    "node_modules/rollup": {
      "version": "4.18.0",
      "resolved": "https://registry.npmjs.org/rollup/-/rollup-4.18.0.tgz",
      "integrity": "sha512-O8aQQkR4/8yV2aGGy+M/v6ppf3d2jT/Tz2yFFpGv5ysw9aY2u21V6S3I2gJ6hr95s41z79Yv685i3/yq3rIeg==",
      "dev": true,
      "license": "MIT",
      "bin": {
        "rollup": "dist/bin/rollup"
      },
      "engines": {
        "node": ">=18.0.0"
      },
      "optionalDependencies": {
        "@rollup/rollup-android-arm-eabi": "4.18.0",
        "@rollup/rollup-android-arm64": "4.18.0",
        "@rollup/rollup-darwin-arm64": "4.18.0",
        "@rollup/rollup-darwin-x64": "4.18.0",
        "@rollup/rollup-linux-arm-gnueabihf": "4.18.0",
        "@rollup/rollup-linux-arm64-gnu": "4.18.0",
        "@rollup/rollup-linux-arm64-musl": "4.18.0",
        "@rollup/rollup-linux-riscv64-gnu": "4.18.0",
        "@rollup/rollup-linux-x64-gnu": "4.18.0",
        "@rollup/rollup-linux-x64-musl": "4.18.0",
        "@rollup/rollup-win32-arm64-msvc": "4.18.0",
        "@rollup/rollup-win32-ia32-msvc": "4.18.0",
        "@rollup/rollup-win32-x64-msvc": "4.18.0",
        "fsevents": "~2.3.2"
      }
    },
    "node_modules/source-map-js": {
      "version": "1.2.0",
      "resolved": "https://registry.npmjs.org/source-map-js/-/source-map-js-1.2.0.tgz",
      "integrity": "sha512-itJW8lvSA0imC+5+i4pVIg2942vj/1T3dD2n+22Z/15Y2d/I/5HjGMiXm9o2kscw3us3w5z3D15s2A==",
      "dev": true,
      "license": "BSD-3-Clause",
      "engines": {
        "node": ">=0.10.0"
      }
    },
    "node_modules/sourcemap-codec": {
      "version": "1.4.8",
      "resolved": "https://registry.npmjs.org/sourcemap-codec/-/sourcemap-codec-1.4.8.tgz",
      "integrity": "sha512-9NykojV5Uih4lgo5So5dtw+f0JgJX30KCNI8gq596FmCSv6RIxVIMomT2+M8Y2I51TEisYdJJd2n23jKjEV2QA==",
      "dev": true,
      "license": "MIT"
    },
    "node_modules/typescript": {
      "version": "5.4.5",
      "resolved": "https://registry.npmjs.org/typescript/-/typescript-5.4.5.tgz",
      "integrity": "sha512-YkLoY6cpcClSt_hpFFkdoX7l+2y4pyF6cStgLzomfB1b1g2E7+b0oTvK8bN3GkIOg0ws5me3V5P3T0ae+G7aLw==",
      "dev": true,
      "license": "Apache-2.0",
      "bin": {
        "tsc": "bin/tsc",
        "tsserver": "bin/tsserver"
      },
      "engines": {
        "node": ">=14.17"
      }
    },
    "node_modules/undici-types": {
      "version": "5.26.5",
      "resolved": "https://registry.npmjs.org/undici-types/-/undici-types-5.26.5.tgz",
      "integrity": "sha512-JlCMO+ehdEIKqlFxk6IfVoAUVmgz7cU7zD/h9XZ0qzeosSHmUJVOzSQvvYSYWXkFXC+IfLKSIffhv0sVZup6pA==",
      "dev": true,
      "license": "MIT"
    },
    "node_modules/vite": {
      "version": "5.2.13",
      "resolved": "https://registry.npmjs.org/vite/-/vite-5.2.13.tgz",
      "integrity": "sha512-zW8qw5+vWmc6UKs3PWh1KvK2sCqKqT+fO357lZaM+wcz+m2sycw+uBq36wveP2aY7rMAasx/d6dI+4Hk3r4x9A==",
      "dev": true,
      "license": "MIT",
      "dependencies": {
        "esbuild": "^0.21.2",
        "postcss": "^8.4.38",
        "rollup": "^4.17.2"
      },
      "bin": {
        "vite": "bin/vite.js"
      },
      "engines": {
        "node": "^18.0.0 || >=20.0.0"
      },
      "funding": {
        "url": "https://github.com/sponsors/yyx990803"
      },
      "optionalDependencies": {
        "fsevents": "~2.3.2"
      },
      "peerDependencies": {
        "less": "*",
        "sass": "*",
        "stylus": "*",
        "sugarss": "*",
        "terser": "^5.29.1"
      },
      "peerDependenciesMeta": {
        "less": {
          "optional": true
        },
        "sass": {
          "optional": true
        },
        "stylus": {
          "optional": true
        },
        "sugarss": {
          "optional": true
        },
        "terser": {
          "optional": true
        }
      }
    }
  }
}
